<?xml version="1.0" encoding="utf-8"?>
<Project ToolsVersion="4.0" xmlns="http://schemas.microsoft.com/developer/msbuild/2003">
  <ItemGroup>
    <Filter Include="Source Files">
      <UniqueIdentifier>{4FC737F1-C7A5-4376-A066-2A32D752A2FF}</UniqueIdentifier>
      <Extensions>cpp;c;cc;cxx;def;odl;idl;hpj;bat;asm;asmx</Extensions>
    </Filter>
    <Filter Include="Header Files">
      <UniqueIdentifier>{93995380-89BD-4b04-88EB-625FBE52EBFB}</UniqueIdentifier>
      <Extensions>h;hh;hpp;hxx;hm;inl;inc;xsd</Extensions>
    </Filter>
    <Filter Include="Resource Files">
      <UniqueIdentifier>{67DA6AB6-F800-4c08-8B7A-83BB121AAD01}</UniqueIdentifier>
      <Extensions>rc;ico;cur;bmp;dlg;rc2;rct;bin;rgs;gif;jpg;jpeg;jpe;resx;tiff;tif;png;wav</Extensions>
    </Filter>
  </ItemGroup>
  <ItemGroup>
    <ClCompile Include="TestEntries.cpp">
      <Filter>Source Files</Filter>
    </ClCompile>
  </ItemGroup>
  <ItemGroup>
    <ClInclude Include="AddPair.h">
      <Filter>Header Files</Filter>
    </ClInclude>
    <ClInclude Include="ApplyForce.h">
      <Filter>Header Files</Filter>
    </ClInclude>
    <ClInclude Include="BasicSliderCrank.h">
      <Filter>Header Files</Filter>
    </ClInclude>
    <ClInclude Include="BodyTypes.h">
      <Filter>Header Files</Filter>
    </ClInclude>
    <ClInclude Include="Breakable.h">
      <Filter>Header Files</Filter>
    </ClInclude>
    <ClInclude Include="Bridge.h">
      <Filter>Header Files</Filter>
    </ClInclude>
    <ClInclude Include="BulletTest.h">
      <Filter>Header Files</Filter>
    </ClInclude>
    <ClInclude Include="Cantilever.h">
      <Filter>Header Files</Filter>
    </ClInclude>
    <ClInclude Include="Car.h">
      <Filter>Header Files</Filter>
    </ClInclude>
    <ClInclude Include="Chain.h">
      <Filter>Header Files</Filter>
    </ClInclude>
    <ClInclude Include="chainProblem.h">
      <Filter>Header Files</Filter>
    </ClInclude>
    <ClInclude Include="CharacterCollision.h">
      <Filter>Header Files</Filter>
    </ClInclude>
    <ClInclude Include="CollisionFiltering.h">
      <Filter>Header Files</Filter>
    </ClInclude>
    <ClInclude Include="CollisionProcessing.h">
      <Filter>Header Files</Filter>
    </ClInclude>
    <ClInclude Include="CompoundShapes.h">
      <Filter>Header Files</Filter>
    </ClInclude>
    <ClInclude Include="Confined.h">
      <Filter>Header Files</Filter>
    </ClInclude>
    <ClInclude Include="ContinuousTest.h">
      <Filter>Header Files</Filter>
    </ClInclude>
    <ClInclude Include="ConvexHull.h">
      <Filter>Header Files</Filter>
    </ClInclude>
    <ClInclude Include="ConveyorBelt.h">
      <Filter>Header Files</Filter>
    </ClInclude>
    <ClInclude Include="DistanceTest.h">
      <Filter>Header Files</Filter>
    </ClInclude>
    <ClInclude Include="Dominos.h">
      <Filter>Header Files</Filter>
    </ClInclude>
    <ClInclude Include="DumpShell.h">
      <Filter>Header Files</Filter>
    </ClInclude>
    <ClInclude Include="DynamicTreeTest.h">
      <Filter>Header Files</Filter>
    </ClInclude>
    <ClInclude Include="EdgeShapes.h">
      <Filter>Header Files</Filter>
    </ClInclude>
    <ClInclude Include="EdgeTest.h">
      <Filter>Header Files</Filter>
    </ClInclude>
    <ClInclude Include="Gears.h">
      <Filter>Header Files</Filter>
    </ClInclude>
    <ClInclude Include="HeavyOnLight.h">
      <Filter>Header Files</Filter>
    </ClInclude>
    <ClInclude Include="HeavyOnLightTwo.h">
      <Filter>Header Files</Filter>
    </ClInclude>
    <ClInclude Include="Mobile.h">
      <Filter>Header Files</Filter>
    </ClInclude>
    <ClInclude Include="MobileBalanced.h">
      <Filter>Header Files</Filter>
    </ClInclude>
    <ClInclude Include="MotorJoint.h">
      <Filter>Header Files</Filter>
    </ClInclude>
    <ClInclude Include="OneSidedPlatform.h">
      <Filter>Header Files</Filter>
    </ClInclude>
    <ClInclude Include="Pinball.h">
      <Filter>Header Files</Filter>
    </ClInclude>
    <ClInclude Include="PolyCollision.h">
      <Filter>Header Files</Filter>
    </ClInclude>
    <ClInclude Include="PolyShapes.h">
      <Filter>Header Files</Filter>
    </ClInclude>
    <ClInclude Include="Prismatic.h">
      <Filter>Header Files</Filter>
    </ClInclude>
    <ClInclude Include="Pulleys.h">
      <Filter>Header Files</Filter>
    </ClInclude>
    <ClInclude Include="Pyramid.h">
      <Filter>Header Files</Filter>
    </ClInclude>
    <ClInclude Include="RayCast.h">
      <Filter>Header Files</Filter>
    </ClInclude>
    <ClInclude Include="Revolute.h">
      <Filter>Header Files</Filter>
    </ClInclude>
    <ClInclude Include="Rope.h">
      <Filter>Header Files</Filter>
    </ClInclude>
    <ClInclude Include="RopeJoint.h">
      <Filter>Header Files</Filter>
    </ClInclude>
    <ClInclude Include="SensorTest.h">
      <Filter>Header Files</Filter>
    </ClInclude>
    <ClInclude Include="ShapeCast.h">
      <Filter>Header Files</Filter>
    </ClInclude>
    <ClInclude Include="ShapeEditing.h">
      <Filter>Header Files</Filter>
    </ClInclude>
    <ClInclude Include="Skier.h">
      <Filter>Header Files</Filter>
    </ClInclude>
    <ClInclude Include="SliderCrank.h">
      <Filter>Header Files</Filter>
    </ClInclude>
    <ClInclude Include="SphereStack.h">
      <Filter>Header Files</Filter>
    </ClInclude>
    <ClInclude Include="TheoJansen.h">
      <Filter>Header Files</Filter>
    </ClInclude>
    <ClInclude Include="Tiles.h">
      <Filter>Header Files</Filter>
    </ClInclude>
    <ClInclude Include="TimeOfImpact.h">
      <Filter>Header Files</Filter>
    </ClInclude>
    <ClInclude Include="Tumbler.h">
      <Filter>Header Files</Filter>
    </ClInclude>
    <ClInclude Include="VaryingFriction.h">
      <Filter>Header Files</Filter>
    </ClInclude>
    <ClInclude Include="VaryingRestitution.h">
      <Filter>Header Files</Filter>
    </ClInclude>
    <ClInclude Include="VerticalStack.h">
      <Filter>Header Files</Filter>
    </ClInclude>
    <ClInclude Include="Web.h">
      <Filter>Header Files</Filter>
    </ClInclude>
  </ItemGroup>
</Project>